
Microsoft Visual Studio Solution File, Format Version 12.00
# Visual Studio Version 17
VisualStudioVersion = 17.5.002.0
MinimumVisualStudioVersion = 10.0.40219.1
Project("{2150E333-8FDC-42A3-9474-1A3956D46DE8}") = "csharp-prep", "csharp-prep", "{51EDF327-D6FA-4F27-816D-6B0F09FC2F52}"
EndProject
Project("{9A19103F-16F7-4668-BE54-9A1E7A4F7556}") = "Prep1", "csharp-prep\Prep1\Prep1.csproj", "{52B60311-8091-48E5-AE70-9D0C55B54D0F}"
EndProject
Project("{9A19103F-16F7-4668-BE54-9A1E7A4F7556}") = "Prep2", "csharp-prep\Prep2\Prep2.csproj", "{56D57B43-C044-4B34-B2C4-FCCB5BDC7533}"
EndProject
Project("{9A19103F-16F7-4668-BE54-9A1E7A4F7556}") = "Prep3", "csharp-prep\Prep3\Prep3.csproj", "{02A7D0FB-DC9E-412B-B23E-E8934D791703}"
EndProject
Project("{9A19103F-16F7-4668-BE54-9A1E7A4F7556}") = "Prep4", "csharp-prep\Prep4\Prep4.csproj", "{171C4255-1B3F-4321-B5C9-6E9B6F1A74EB}"
EndProject
Project("{9A19103F-16F7-4668-BE54-9A1E7A4F7556}") = "Prep5", "csharp-prep\Prep5\Prep5.csproj", "{12228FEE-0C18-4D67-AC11-EBE4CEC4DA81}"
EndProject
Project("{2150E333-8FDC-42A3-9474-1A3956D46DE8}") = "final", "final", "{0B0CCCF8-2E60-4150-9A17-780C61EC5A31}"
EndProject
Project("{9A19103F-16F7-4668-BE54-9A1E7A4F7556}") = "FinalProject", "final\FinalProject\FinalProject.csproj", "{3AB7F23C-D3C6-4EF1-B0DA-A9FC0952CB82}"
EndProject
Project("{9A19103F-16F7-4668-BE54-9A1E7A4F7556}") = "Foundation1", "final\Foundation1\Foundation1.csproj", "{C9D7A415-B68D-4D9D-ABC9-0F1763B2382E}"
EndProject
Project("{9A19103F-16F7-4668-BE54-9A1E7A4F7556}") = "Foundation2", "final\Foundation2\Foundation2.csproj", "{0D941108-A970-44FB-ADC9-F16171F12F03}"
EndProject
Project("{9A19103F-16F7-4668-BE54-9A1E7A4F7556}") = "Foundation3", "final\Foundation3\Foundation3.csproj", "{C9FAC8C3-548D-4C8C-BB4D-004DF774A303}"
EndProject
Project("{9A19103F-16F7-4668-BE54-9A1E7A4F7556}") = "Foundation4", "final\Foundation4\Foundation4.csproj", "{5A730491-5259-4DF9-9BB0-27F726B5283A}"
EndProject
Project("{2150E333-8FDC-42A3-9474-1A3956D46DE8}") = "prepare", "prepare", "{A81C7174-2024-40B5-B593-D76BE58058C1}"
EndProject
Project("{9A19103F-16F7-4668-BE54-9A1E7A4F7556}") = "Learning02", "prepare\Learning02\Learning02.csproj", "{43F6982C-5EC8-4F75-917E-CB8DC251307D}"
EndProject
Project("{9A19103F-16F7-4668-BE54-9A1E7A4F7556}") = "Learning03", "prepare\Learning03\Learning03.csproj", "{60542D7F-BB93-4052-8153-887683375AC5}"
EndProject
Project("{9A19103F-16F7-4668-BE54-9A1E7A4F7556}") = "Learning04", "prepare\Learning04\Learning04.csproj", "{3636F134-4AE9-4543-95FA-8D8E5DD6DEC9}"
EndProject
Project("{9A19103F-16F7-4668-BE54-9A1E7A4F7556}") = "Learning05", "prepare\Learning05\Learning05.csproj", "{0968198E-58F3-411F-9A77-6EB4064AF656}"
EndProject
Project("{2150E333-8FDC-42A3-9474-1A3956D46DE8}") = "prove", "prove", "{E3AEFE12-86A9-4093-B40E-51945B353E47}"
EndProject
Project("{9A19103F-16F7-4668-BE54-9A1E7A4F7556}") = "Develop02", "prove\Develop02\Develop02.csproj", "{57D508AE-977C-430C-A3AB-42FDAF0292C5}"
EndProject
Project("{9A19103F-16F7-4668-BE54-9A1E7A4F7556}") = "Develop03", "prove\Develop03\Develop03.csproj", "{BF986774-5302-42D7-A8AB-D015C4F7EC5B}"
EndProject
Project("{9A19103F-16F7-4668-BE54-9A1E7A4F7556}") = "Develop04", "prove\Develop04\Develop04.csproj", "{4A7C7CA2-53CD-4089-815E-BBEE8FDDB237}"
EndProject
Project("{9A19103F-16F7-4668-BE54-9A1E7A4F7556}") = "Develop05", "prove\Develop05\Develop05.csproj", "{A62C99F8-D757-4438-B63E-2150E23CCAB7}"
EndProject
Project("{2150E333-8FDC-42A3-9474-1A3956D46DE8}") = "sandbox", "sandbox", "{903701F1-CCED-433A-8C6C-4EA4494CA14E}"
EndProject
Project("{9A19103F-16F7-4668-BE54-9A1E7A4F7556}") = "Sandbox", "sandbox\Sandbox\Sandbox.csproj", "{8A79D678-B8FB-410C-A552-69497B8355A4}"
EndProject
Global
	GlobalSection(SolutionConfigurationPlatforms) = preSolution
		Debug|Any CPU = Debug|Any CPU
		Release|Any CPU = Release|Any CPU
	EndGlobalSection
	GlobalSection(ProjectConfigurationPlatforms) = postSolution
		{52B60311-8091-48E5-AE70-9D0C55B54D0F}.Debug|Any CPU.ActiveCfg = Debug|Any CPU
		{52B60311-8091-48E5-AE70-9D0C55B54D0F}.Debug|Any CPU.Build.0 = Debug|Any CPU
		{52B60311-8091-48E5-AE70-9D0C55B54D0F}.Release|Any CPU.ActiveCfg = Release|Any CPU
		{52B60311-8091-48E5-AE70-9D0C55B54D0F}.Release|Any CPU.Build.0 = Release|Any CPU
		{56D57B43-C044-4B34-B2C4-FCCB5BDC7533}.Debug|Any CPU.ActiveCfg = Debug|Any CPU
		{56D57B43-C044-4B34-B2C4-FCCB5BDC7533}.Debug|Any CPU.Build.0 = Debug|Any CPU
		{56D57B43-C044-4B34-B2C4-FCCB5BDC7533}.Release|Any CPU.ActiveCfg = Release|Any CPU
		{56D57B43-C044-4B34-B2C4-FCCB5BDC7533}.Release|Any CPU.Build.0 = Release|Any CPU
		{02A7D0FB-DC9E-412B-B23E-E8934D791703}.Debug|Any CPU.ActiveCfg = Debug|Any CPU
		{02A7D0FB-DC9E-412B-B23E-E8934D791703}.Debug|Any CPU.Build.0 = Debug|Any CPU
		{02A7D0FB-DC9E-412B-B23E-E8934D791703}.Release|Any CPU.ActiveCfg = Release|Any CPU
		{02A7D0FB-DC9E-412B-B23E-E8934D791703}.Release|Any CPU.Build.0 = Release|Any CPU
		{171C4255-1B3F-4321-B5C9-6E9B6F1A74EB}.Debug|Any CPU.ActiveCfg = Debug|Any CPU
		{171C4255-1B3F-4321-B5C9-6E9B6F1A74EB}.Debug|Any CPU.Build.0 = Debug|Any CPU
		{171C4255-1B3F-4321-B5C9-6E9B6F1A74EB}.Release|Any CPU.ActiveCfg = Release|Any CPU
		{171C4255-1B3F-4321-B5C9-6E9B6F1A74EB}.Release|Any CPU.Build.0 = Release|Any CPU
		{12228FEE-0C18-4D67-AC11-EBE4CEC4DA81}.Debug|Any CPU.ActiveCfg = Debug|Any CPU
		{12228FEE-0C18-4D67-AC11-EBE4CEC4DA81}.Debug|Any CPU.Build.0 = Debug|Any CPU
		{12228FEE-0C18-4D67-AC11-EBE4CEC4DA81}.Release|Any CPU.ActiveCfg = Release|Any CPU
		{12228FEE-0C18-4D67-AC11-EBE4CEC4DA81}.Release|Any CPU.Build.0 = Release|Any CPU
		{3AB7F23C-D3C6-4EF1-B0DA-A9FC0952CB82}.Debug|Any CPU.ActiveCfg = Debug|Any CPU
		{3AB7F23C-D3C6-4EF1-B0DA-A9FC0952CB82}.Debug|Any CPU.Build.0 = Debug|Any CPU
		{3AB7F23C-D3C6-4EF1-B0DA-A9FC0952CB82}.Release|Any CPU.ActiveCfg = Release|Any CPU
		{3AB7F23C-D3C6-4EF1-B0DA-A9FC0952CB82}.Release|Any CPU.Build.0 = Release|Any CPU
		{C9D7A415-B68D-4D9D-ABC9-0F1763B2382E}.Debug|Any CPU.ActiveCfg = Debug|Any CPU
		{C9D7A415-B68D-4D9D-ABC9-0F1763B2382E}.Debug|Any CPU.Build.0 = Debug|Any CPU
		{C9D7A415-B68D-4D9D-ABC9-0F1763B2382E}.Release|Any CPU.ActiveCfg = Release|Any CPU
		{C9D7A415-B68D-4D9D-ABC9-0F1763B2382E}.Release|Any CPU.Build.0 = Release|Any CPU
		{0D941108-A970-44FB-ADC9-F16171F12F03}.Debug|Any CPU.ActiveCfg = Debug|Any CPU
		{0D941108-A970-44FB-ADC9-F16171F12F03}.Debug|Any CPU.Build.0 = Debug|Any CPU
		{0D941108-A970-44FB-ADC9-F16171F12F03}.Release|Any CPU.ActiveCfg = Release|Any CPU
		{0D941108-A970-44FB-ADC9-F16171F12F03}.Release|Any CPU.Build.0 = Release|Any CPU
		{C9FAC8C3-548D-4C8C-BB4D-004DF774A303}.Debug|Any CPU.ActiveCfg = Debug|Any CPU
		{C9FAC8C3-548D-4C8C-BB4D-004DF774A303}.Debug|Any CPU.Build.0 = Debug|Any CPU
		{C9FAC8C3-548D-4C8C-BB4D-004DF774A303}.Release|Any CPU.ActiveCfg = Release|Any CPU
		{C9FAC8C3-548D-4C8C-BB4D-004DF774A303}.Release|Any CPU.Build.0 = Release|Any CPU
		{5A730491-5259-4DF9-9BB0-27F726B5283A}.Debug|Any CPU.ActiveCfg = Debug|Any CPU
		{5A730491-5259-4DF9-9BB0-27F726B5283A}.Debug|Any CPU.Build.0 = Debug|Any CPU
		{5A730491-5259-4DF9-9BB0-27F726B5283A}.Release|Any CPU.ActiveCfg = Release|Any CPU
		{5A730491-5259-4DF9-9BB0-27F726B5283A}.Release|Any CPU.Build.0 = Release|Any CPU
		{43F6982C-5EC8-4F75-917E-CB8DC251307D}.Debug|Any CPU.ActiveCfg = Debug|Any CPU
		{43F6982C-5EC8-4F75-917E-CB8DC251307D}.Debug|Any CPU.Build.0 = Debug|Any CPU
		{43F6982C-5EC8-4F75-917E-CB8DC251307D}.Release|Any CPU.ActiveCfg = Release|Any CPU
		{43F6982C-5EC8-4F75-917E-CB8DC251307D}.Release|Any CPU.Build.0 = Release|Any CPU
		{60542D7F-BB93-4052-8153-887683375AC5}.Debug|Any CPU.ActiveCfg = Debug|Any CPU
		{60542D7F-BB93-4052-8153-887683375AC5}.Debug|Any CPU.Build.0 = Debug|Any CPU
		{60542D7F-BB93-4052-8153-887683375AC5}.Release|Any CPU.ActiveCfg = Release|Any CPU
		{60542D7F-BB93-4052-8153-887683375AC5}.Release|Any CPU.Build.0 = Release|Any CPU
		{3636F134-4AE9-4543-95FA-8D8E5DD6DEC9}.Debug|Any CPU.ActiveCfg = Debug|Any CPU
		{3636F134-4AE9-4543-95FA-8D8E5DD6DEC9}.Debug|Any CPU.Build.0 = Debug|Any CPU
		{3636F134-4AE9-4543-95FA-8D8E5DD6DEC9}.Release|Any CPU.ActiveCfg = Release|Any CPU
		{3636F134-4AE9-4543-95FA-8D8E5DD6DEC9}.Release|Any CPU.Build.0 = Release|Any CPU
		{0968198E-58F3-411F-9A77-6EB4064AF656}.Debug|Any CPU.ActiveCfg = Debug|Any CPU
		{0968198E-58F3-411F-9A77-6EB4064AF656}.Debug|Any CPU.Build.0 = Debug|Any CPU
		{0968198E-58F3-411F-9A77-6EB4064AF656}.Release|Any CPU.ActiveCfg = Release|Any CPU
		{0968198E-58F3-411F-9A77-6EB4064AF656}.Release|Any CPU.Build.0 = Release|Any CPU
		{57D508AE-977C-430C-A3AB-42FDAF0292C5}.Debug|Any CPU.ActiveCfg = Debug|Any CPU
		{57D508AE-977C-430C-A3AB-42FDAF0292C5}.Debug|Any CPU.Build.0 = Debug|Any CPU
		{57D508AE-977C-430C-A3AB-42FDAF0292C5}.Release|Any CPU.ActiveCfg = Release|Any CPU
		{57D508AE-977C-430C-A3AB-42FDAF0292C5}.Release|Any CPU.Build.0 = Release|Any CPU
		{BF986774-5302-42D7-A8AB-D015C4F7EC5B}.Debug|Any CPU.ActiveCfg = Debug|Any CPU
		{BF986774-5302-42D7-A8AB-D015C4F7EC5B}.Debug|Any CPU.Build.0 = Debug|Any CPU
		{BF986774-5302-42D7-A8AB-D015C4F7EC5B}.Release|Any CPU.ActiveCfg = Release|Any CPU
		{BF986774-5302-42D7-A8AB-D015C4F7EC5B}.Release|Any CPU.Build.0 = Release|Any CPU
		{4A7C7CA2-53CD-4089-815E-BBEE8FDDB237}.Debug|Any CPU.ActiveCfg = Debug|Any CPU
		{4A7C7CA2-53CD-4089-815E-BBEE8FDDB237}.Debug|Any CPU.Build.0 = Debug|Any CPU
		{4A7C7CA2-53CD-4089-815E-BBEE8FDDB237}.Release|Any CPU.ActiveCfg = Release|Any CPU
		{4A7C7CA2-53CD-4089-815E-BBEE8FDDB237}.Release|Any CPU.Build.0 = Release|Any CPU
		{A62C99F8-D757-4438-B63E-2150E23CCAB7}.Debug|Any CPU.ActiveCfg = Debug|Any CPU
		{A62C99F8-D757-4438-B63E-2150E23CCAB7}.Debug|Any CPU.Build.0 = Debug|Any CPU
		{A62C99F8-D757-4438-B63E-2150E23CCAB7}.Release|Any CPU.ActiveCfg = Release|Any CPU
		{A62C99F8-D757-4438-B63E-2150E23CCAB7}.Release|Any CPU.Build.0 = Release|Any CPU
		{8A79D678-B8FB-410C-A552-69497B8355A4}.Debug|Any CPU.ActiveCfg = Debug|Any CPU
		{8A79D678-B8FB-410C-A552-69497B8355A4}.Debug|Any CPU.Build.0 = Debug|Any CPU
		{8A79D678-B8FB-410C-A552-69497B8355A4}.Release|Any CPU.ActiveCfg = Release|Any CPU
		{8A79D678-B8FB-410C-A552-69497B8355A4}.Release|Any CPU.Build.0 = Release|Any CPU
	EndGlobalSection
	GlobalSection(SolutionProperties) = preSolution
		HideSolutionNode = FALSE
	EndGlobalSection
	GlobalSection(NestedProjects) = preSolution
		{52B60311-8091-48E5-AE70-9D0C55B54D0F} = {51EDF327-D6FA-4F27-816D-6B0F09FC2F52}
		{56D57B43-C044-4B34-B2C4-FCCB5BDC7533} = {51EDF327-D6FA-4F27-816D-6B0F09FC2F52}
		{02A7D0FB-DC9E-412B-B23E-E8934D791703} = {51EDF327-D6FA-4F27-816D-6B0F09FC2F52}
		{171C4255-1B3F-4321-B5C9-6E9B6F1A74EB} = {51EDF327-D6FA-4F27-816D-6B0F09FC2F52}
		{12228FEE-0C18-4D67-AC11-EBE4CEC4DA81} = {51EDF327-D6FA-4F27-816D-6B0F09FC2F52}
		{3AB7F23C-D3C6-4EF1-B0DA-A9FC0952CB82} = {0B0CCCF8-2E60-4150-9A17-780C61EC5A31}
		{C9D7A415-B68D-4D9D-ABC9-0F1763B2382E} = {0B0CCCF8-2E60-4150-9A17-780C61EC5A31}
		{0D941108-A970-44FB-ADC9-F16171F12F03} = {0B0CCCF8-2E60-4150-9A17-780C61EC5A31}
		{C9FAC8C3-548D-4C8C-BB4D-004DF774A303} = {0B0CCCF8-2E60-4150-9A17-780C61EC5A31}
		{5A730491-5259-4DF9-9BB0-27F726B5283A} = {0B0CCCF8-2E60-4150-9A17-780C61EC5A31}
		{43F6982C-5EC8-4F75-917E-CB8DC251307D} = {A81C7174-2024-40B5-B593-D76BE58058C1}
		{60542D7F-BB93-4052-8153-887683375AC5} = {A81C7174-2024-40B5-B593-D76BE58058C1}
		{3636F134-4AE9-4543-95FA-8D8E5DD6DEC9} = {A81C7174-2024-40B5-B593-D76BE58058C1}
		{0968198E-58F3-411F-9A77-6EB4064AF656} = {A81C7174-2024-40B5-B593-D76BE58058C1}
		{57D508AE-977C-430C-A3AB-42FDAF0292C5} = {E3AEFE12-86A9-4093-B40E-51945B353E47}
		{BF986774-5302-42D7-A8AB-D015C4F7EC5B} = {E3AEFE12-86A9-4093-B40E-51945B353E47}
		{4A7C7CA2-53CD-4089-815E-BBEE8FDDB237} = {E3AEFE12-86A9-4093-B40E-51945B353E47}
		{A62C99F8-D757-4438-B63E-2150E23CCAB7} = {E3AEFE12-86A9-4093-B40E-51945B353E47}
		{8A79D678-B8FB-410C-A552-69497B8355A4} = {903701F1-CCED-433A-8C6C-4EA4494CA14E}
	EndGlobalSection
	GlobalSection(ExtensibilityGlobals) = postSolution
		SolutionGuid = {424E05C4-BEE9-46FF-B3FC-7E7C40D316B3}
	EndGlobalSection
EndGlobal
